
Microsoft Visual Studio Solution File, Format Version 12.00
# Visual Studio Version 17
VisualStudioVersion = 17.3.32825.248
MinimumVisualStudioVersion = 10.0.40219.1
Project("{9A19103F-16F7-4668-BE54-9A1E7A4F7556}") = "Alexandra", "Alexandra.csproj", "{2822F55D-5626-47F0-A620-5E512ADC9D0C}"
EndProject
Global
	GlobalSection(SolutionConfigurationPlatforms) = preSolution
		Debug|Any CPU = Debug|Any CPU
		Release|Any CPU = Release|Any CPU
	EndGlobalSection
	GlobalSection(ProjectConfigurationPlatforms) = postSolution
		{2822F55D-5626-47F0-A620-5E512ADC9D0C}.Debug|Any CPU.ActiveCfg = Debug|Any CPU
		{2822F55D-5626-47F0-A620-5E512ADC9D0C}.Debug|Any CPU.Build.0 = Debug|Any CPU
		{2822F55D-5626-47F0-A620-5E512ADC9D0C}.Release|Any CPU.ActiveCfg = Release|Any CPU
		{2822F55D-5626-47F0-A620-5E512ADC9D0C}.Release|Any CPU.Build.0 = Release|Any CPU
	EndGlobalSection
	GlobalSection(SolutionProperties) = preSolution
		HideSolutionNode = FALSE
	EndGlobalSection
	GlobalSection(ExtensibilityGlobals) = postSolution
		SolutionGuid = {014445A1-4EF2-490E-8631-3DF82ED17C69}
	EndGlobalSection
EndGlobal
